
Microsoft Visual Studio Solution File, Format Version 12.00
# Visual Studio Version 17
VisualStudioVersion = 17.12.35527.113 d17.12
MinimumVisualStudioVersion = 10.0.40219.1
Project("{FAE04EC0-301F-11D3-BF4B-00C04F79EFBC}") = "CoffeeCRM.Data", "CoffeeCRM.Data\CoffeeCRM.Data.csproj", "{E537A344-2AB2-4D6E-ABA5-3628A0D32294}"
EndProject
Project("{FAE04EC0-301F-11D3-BF4B-00C04F79EFBC}") = "CoffeeCRM.Api", "CoffeeCRM.Api\CoffeeCRM.Api.csproj", "{FC1A71C7-4F1F-495D-98D2-ECD7F79C76D1}"
EndProject
Project("{FAE04EC0-301F-11D3-BF4B-00C04F79EFBC}") = "CoffeeCRM.View", "CoffeeCRM.View\CoffeeCRM.View.csproj", "{8A0E80BA-6210-47D6-8F1C-DB6A36F2F439}"
EndProject
Project("{FAE04EC0-301F-11D3-BF4B-00C04F79EFBC}") = "CoffeeCRM.Core", "CoffeeCRM.Core\CoffeeCRM.Core.csproj", "{305A27CB-0F72-48CA-9DD7-20DD3D207594}"
EndProject
Global
	GlobalSection(SolutionConfigurationPlatforms) = preSolution
		Debug|Any CPU = Debug|Any CPU
		Release|Any CPU = Release|Any CPU
	EndGlobalSection
	GlobalSection(ProjectConfigurationPlatforms) = postSolution
		{E537A344-2AB2-4D6E-ABA5-3628A0D32294}.Debug|Any CPU.ActiveCfg = Debug|Any CPU
		{E537A344-2AB2-4D6E-ABA5-3628A0D32294}.Debug|Any CPU.Build.0 = Debug|Any CPU
		{E537A344-2AB2-4D6E-ABA5-3628A0D32294}.Release|Any CPU.ActiveCfg = Release|Any CPU
		{E537A344-2AB2-4D6E-ABA5-3628A0D32294}.Release|Any CPU.Build.0 = Release|Any CPU
		{FC1A71C7-4F1F-495D-98D2-ECD7F79C76D1}.Debug|Any CPU.ActiveCfg = Debug|Any CPU
		{FC1A71C7-4F1F-495D-98D2-ECD7F79C76D1}.Debug|Any CPU.Build.0 = Debug|Any CPU
		{FC1A71C7-4F1F-495D-98D2-ECD7F79C76D1}.Release|Any CPU.ActiveCfg = Release|Any CPU
		{FC1A71C7-4F1F-495D-98D2-ECD7F79C76D1}.Release|Any CPU.Build.0 = Release|Any CPU
		{8A0E80BA-6210-47D6-8F1C-DB6A36F2F439}.Debug|Any CPU.ActiveCfg = Debug|Any CPU
		{8A0E80BA-6210-47D6-8F1C-DB6A36F2F439}.Debug|Any CPU.Build.0 = Debug|Any CPU
		{8A0E80BA-6210-47D6-8F1C-DB6A36F2F439}.Release|Any CPU.ActiveCfg = Release|Any CPU
		{8A0E80BA-6210-47D6-8F1C-DB6A36F2F439}.Release|Any CPU.Build.0 = Release|Any CPU
		{305A27CB-0F72-48CA-9DD7-20DD3D207594}.Debug|Any CPU.ActiveCfg = Debug|Any CPU
		{305A27CB-0F72-48CA-9DD7-20DD3D207594}.Debug|Any CPU.Build.0 = Debug|Any CPU
		{305A27CB-0F72-48CA-9DD7-20DD3D207594}.Release|Any CPU.ActiveCfg = Release|Any CPU
		{305A27CB-0F72-48CA-9DD7-20DD3D207594}.Release|Any CPU.Build.0 = Release|Any CPU
	EndGlobalSection
	GlobalSection(SolutionProperties) = preSolution
		HideSolutionNode = FALSE
	EndGlobalSection
EndGlobal
